
Microsoft Visual Studio Solution File, Format Version 12.00
# Visual Studio Version 16
VisualStudioVersion = 16.0.32413.511
MinimumVisualStudioVersion = 10.0.40219.1
Project("{FAE04EC0-301F-11D3-BF4B-00C04F79EFBC}") = "DanielPaes_ProjetoIntegrador", "Final\DanielPaes_ProjetoIntegrador.csproj", "{FB19989B-8E62-441D-A41F-8E45E8CB3997}"
EndProject
Global
	GlobalSection(SolutionConfigurationPlatforms) = preSolution
		Debug|Any CPU = Debug|Any CPU
		Release|Any CPU = Release|Any CPU
	EndGlobalSection
	GlobalSection(ProjectConfigurationPlatforms) = postSolution
		{FB19989B-8E62-441D-A41F-8E45E8CB3997}.Debug|Any CPU.ActiveCfg = Debug|Any CPU
		{FB19989B-8E62-441D-A41F-8E45E8CB3997}.Debug|Any CPU.Build.0 = Debug|Any CPU
		{FB19989B-8E62-441D-A41F-8E45E8CB3997}.Release|Any CPU.ActiveCfg = Debug|Any CPU
		{FB19989B-8E62-441D-A41F-8E45E8CB3997}.Release|Any CPU.Build.0 = Debug|Any CPU
	EndGlobalSection
	GlobalSection(SolutionProperties) = preSolution
		HideSolutionNode = FALSE
	EndGlobalSection
	GlobalSection(ExtensibilityGlobals) = postSolution
		SolutionGuid = {FBEA0624-B295-45C8-A88A-FB2B5B54D441}
	EndGlobalSection
EndGlobal
